
Microsoft Visual Studio Solution File, Format Version 12.00
Project("{FAE04EC0-301F-11D3-BF4B-00C04F79EFBC}") = "TicTacToe", "TicTacToe\TicTacToe.csproj", "{FBF30106-32EC-475B-A446-9C8402F3CADA}"
EndProject
Project("{FAE04EC0-301F-11D3-BF4B-00C04F79EFBC}") = "TicTacToeTests", "TicTacToeTests\TicTacToeTests.csproj", "{D020F732-FA98-480A-B511-8E49BE868B98}"
EndProject
Global
	GlobalSection(SolutionConfigurationPlatforms) = preSolution
		Debug|Any CPU = Debug|Any CPU
		Release|Any CPU = Release|Any CPU
	EndGlobalSection
	GlobalSection(ProjectConfigurationPlatforms) = postSolution
		{FBF30106-32EC-475B-A446-9C8402F3CADA}.Debug|Any CPU.ActiveCfg = Debug|Any CPU
		{FBF30106-32EC-475B-A446-9C8402F3CADA}.Debug|Any CPU.Build.0 = Debug|Any CPU
		{FBF30106-32EC-475B-A446-9C8402F3CADA}.Release|Any CPU.ActiveCfg = Release|Any CPU
		{FBF30106-32EC-475B-A446-9C8402F3CADA}.Release|Any CPU.Build.0 = Release|Any CPU
		{D020F732-FA98-480A-B511-8E49BE868B98}.Debug|Any CPU.ActiveCfg = Debug|Any CPU
		{D020F732-FA98-480A-B511-8E49BE868B98}.Debug|Any CPU.Build.0 = Debug|Any CPU
		{D020F732-FA98-480A-B511-8E49BE868B98}.Release|Any CPU.ActiveCfg = Release|Any CPU
		{D020F732-FA98-480A-B511-8E49BE868B98}.Release|Any CPU.Build.0 = Release|Any CPU
	EndGlobalSection
EndGlobal
